<?xml version="1.0" encoding="utf-8"?>
<Project ToolsVersion="4.0" xmlns="http://schemas.microsoft.com/developer/msbuild/2003">
  <ItemGroup>
    <Filter Include="Source Files">
      <UniqueIdentifier>{4FC737F1-C7A5-4376-A066-2A32D752A2FF}</UniqueIdentifier>
      <Extensions>cpp;c;cc;cxx;def;odl;idl;hpj;bat;asm;asmx</Extensions>
    </Filter>
    <Filter Include="Header Files">
      <UniqueIdentifier>{93995380-89BD-4b04-88EB-625FBE52EBFB}</UniqueIdentifier>
      <Extensions>h;hpp;hxx;hm;inl;inc;xsd</Extensions>
    </Filter>
    <Filter Include="Resource Files">
      <UniqueIdentifier>{67DA6AB6-F800-4c08-8B7A-83BB121AAD01}</UniqueIdentifier>
      <Extensions>rc;ico;cur;bmp;dlg;rc2;rct;bin;rgs;gif;jpg;jpeg;jpe;resx;tiff;tif;png;wav</Extensions>
    </Filter>
  </ItemGroup>
  <ItemGroup>
    <ClCompile Include="binary_filer.cpp">
      <Filter>Source Files</Filter>
    </ClCompile>
    <ClCompile Include="Circuit.cpp">
      <Filter>Source Files</Filter>
    </ClCompile>
    <ClCompile Include="Cofactor.cpp">
      <Filter>Source Files</Filter>
    </ClCompile>
    <ClCompile Include="Components.cpp">
      <Filter>Source Files</Filter>
    </ClCompile>
    <ClCompile Include="ControledSources.cpp">
      <Filter>Source Files</Filter>
    </ClCompile>
    <ClCompile Include="CSimpleVertexContainer.cpp">
      <Filter>Source Files</Filter>
    </ClCompile>
    <ClCompile Include="current_dir.cpp">
      <Filter>Source Files</Filter>
    </ClCompile>
    <ClCompile Include="Deletions.cpp">
      <Filter>Source Files</Filter>
    </ClCompile>
    <ClCompile Include="DirectNumCache.cpp">
      <Filter>Source Files</Filter>
    </ClCompile>
    <ClCompile Include="Factorizer.cpp">
      <Filter>Source Files</Filter>
    </ClCompile>
    <ClCompile Include="FlatVertex.cpp">
      <Filter>Source Files</Filter>
    </ClCompile>
    <ClCompile Include="IdealComponents.cpp">
      <Filter>Source Files</Filter>
    </ClCompile>
    <ClCompile Include="MainCircuit.cpp">
      <Filter>Source Files</Filter>
    </ClCompile>
    <ClCompile Include="MutualCoils.cpp">
      <Filter>Source Files</Filter>
    </ClCompile>
    <ClCompile Include="MVID.cpp">
      <Filter>Source Files</Filter>
    </ClCompile>
    <ClCompile Include="NetDynamicAnalyser.cpp">
      <Filter>Source Files</Filter>
    </ClCompile>
    <ClCompile Include="NewCore.cpp">
      <Filter>Source Files</Filter>
    </ClCompile>
    <ClCompile Include="NextComponentOptimizer.cpp">
      <Filter>Source Files</Filter>
    </ClCompile>
    <ClCompile Include="NodesManager.cpp">
      <Filter>Source Files</Filter>
    </ClCompile>
    <ClCompile Include="norm_float.cpp">
      <Filter>Source Files</Filter>
    </ClCompile>
    <ClCompile Include="NumericalResTables.cpp">
      <Filter>Source Files</Filter>
    </ClCompile>
    <ClCompile Include="OperationCache.cpp">
      <Filter>Source Files</Filter>
    </ClCompile>
    <ClCompile Include="PathTraitor.cpp">
      <Filter>Source Files</Filter>
    </ClCompile>
    <ClCompile Include="PDDEngine.cpp">
      <Filter>Source Files</Filter>
    </ClCompile>
    <ClCompile Include="PDDEngineManager.cpp">
      <Filter>Source Files</Filter>
    </ClCompile>
    <ClCompile Include="PredictionResult.cpp">
      <Filter>Source Files</Filter>
    </ClCompile>
    <ClCompile Include="PrjException.cpp">
      <Filter>Source Files</Filter>
    </ClCompile>
    <ClCompile Include="RedefParamValues.cpp">
      <Filter>Source Files</Filter>
    </ClCompile>
    <ClCompile Include="search_filer.cpp">
      <Filter>Source Files</Filter>
    </ClCompile>
    <ClCompile Include="SimplifierEngine.cpp">
      <Filter>Source Files</Filter>
    </ClCompile>
    <ClCompile Include="StateGraphTables.cpp">
      <Filter>Source Files</Filter>
    </ClCompile>
    <ClCompile Include="stdafx.cpp">
      <Filter>Source Files</Filter>
    </ClCompile>
    <ClCompile Include="StrOperIdentifier.cpp">
      <Filter>Source Files</Filter>
    </ClCompile>
    <ClCompile Include="SubCircuit.cpp">
      <Filter>Source Files</Filter>
    </ClCompile>
    <ClCompile Include="SubCircuitSocket.cpp">
      <Filter>Source Files</Filter>
    </ClCompile>
    <ClCompile Include="time_stamp.cpp">
      <Filter>Source Files</Filter>
    </ClCompile>
    <ClCompile Include="TwoPorts.cpp">
      <Filter>Source Files</Filter>
    </ClCompile>
    <ClCompile Include="UnaryOperators.cpp">
      <Filter>Source Files</Filter>
    </ClCompile>
    <ClCompile Include="UniqStringBuffer.cpp">
      <Filter>Source Files</Filter>
    </ClCompile>
    <ClCompile Include="Vertex.cpp">
      <Filter>Source Files</Filter>
    </ClCompile>
    <ClCompile Include="CompRedefiner.cpp">
      <Filter>Source Files</Filter>
    </ClCompile>
    <ClCompile Include="MetaComponente.cpp">
      <Filter>Source Files</Filter>
    </ClCompile>
    <ClCompile Include="UnlineraBlackBox.cpp">
      <Filter>Source Files</Filter>
    </ClCompile>
  </ItemGroup>
  <ItemGroup>
    <ClInclude Include="AbstractOperationDataContainer.h">
      <Filter>Header Files</Filter>
    </ClInclude>
    <ClInclude Include="AbstractResTables.h">
      <Filter>Header Files</Filter>
    </ClInclude>
    <ClInclude Include="binary_filer.h">
      <Filter>Header Files</Filter>
    </ClInclude>
    <ClInclude Include="CacheTmpl.h">
      <Filter>Header Files</Filter>
    </ClInclude>
    <ClInclude Include="Circuit.h">
      <Filter>Header Files</Filter>
    </ClInclude>
    <ClInclude Include="Cofactor.h">
      <Filter>Header Files</Filter>
    </ClInclude>
    <ClInclude Include="ComponentPath.h">
      <Filter>Header Files</Filter>
    </ClInclude>
    <ClInclude Include="Components.h">
      <Filter>Header Files</Filter>
    </ClInclude>
    <ClInclude Include="ControledSources.h">
      <Filter>Header Files</Filter>
    </ClInclude>
    <ClInclude Include="CSimpleVertexContainer.h">
      <Filter>Header Files</Filter>
    </ClInclude>
    <ClInclude Include="current_dir.h">
      <Filter>Header Files</Filter>
    </ClInclude>
    <ClInclude Include="Deletions.h">
      <Filter>Header Files</Filter>
    </ClInclude>
    <ClInclude Include="DirectNumCache.h">
      <Filter>Header Files</Filter>
    </ClInclude>
    <ClInclude Include="Factorizer.h">
      <Filter>Header Files</Filter>
    </ClInclude>
    <ClInclude Include="FlatVertex.h">
      <Filter>Header Files</Filter>
    </ClInclude>
    <ClInclude Include="IdealComponents.h">
      <Filter>Header Files</Filter>
    </ClInclude>
    <ClInclude Include="InUseCheckpoint.h">
      <Filter>Header Files</Filter>
    </ClInclude>
    <ClInclude Include="MainCircuit.h">
      <Filter>Header Files</Filter>
    </ClInclude>
    <ClInclude Include="MutualCoils.h">
      <Filter>Header Files</Filter>
    </ClInclude>
    <ClInclude Include="MVID.h">
      <Filter>Header Files</Filter>
    </ClInclude>
    <ClInclude Include="NetDynamicAnalyser.h">
      <Filter>Header Files</Filter>
    </ClInclude>
    <ClInclude Include="NewCore.h">
      <Filter>Header Files</Filter>
    </ClInclude>
    <ClInclude Include="NextComponentOptimizer.h">
      <Filter>Header Files</Filter>
    </ClInclude>
    <ClInclude Include="NodesManager.h">
      <Filter>Header Files</Filter>
    </ClInclude>
    <ClInclude Include="norm_float.h">
      <Filter>Header Files</Filter>
    </ClInclude>
    <ClInclude Include="NumericalResTables.h">
      <Filter>Header Files</Filter>
    </ClInclude>
    <ClInclude Include="OperationCache.h">
      <Filter>Header Files</Filter>
    </ClInclude>
    <ClInclude Include="PathTraitor.h">
      <Filter>Header Files</Filter>
    </ClInclude>
    <ClInclude Include="PDDEngine.h">
      <Filter>Header Files</Filter>
    </ClInclude>
    <ClInclude Include="PDDEngineManager.h">
      <Filter>Header Files</Filter>
    </ClInclude>
    <ClInclude Include="..\PDDErrorsAndConst.h">
      <Filter>Header Files</Filter>
    </ClInclude>
    <ClInclude Include="PredictionResult.h">
      <Filter>Header Files</Filter>
    </ClInclude>
    <ClInclude Include="PrjException.h">
      <Filter>Header Files</Filter>
    </ClInclude>
    <ClInclude Include="RedefParamValues.h">
      <Filter>Header Files</Filter>
    </ClInclude>
    <ClInclude Include="roots_poly.h">
      <Filter>Header Files</Filter>
    </ClInclude>
    <ClInclude Include="search_filer.h">
      <Filter>Header Files</Filter>
    </ClInclude>
    <ClInclude Include="SimplifierEngine.h">
      <Filter>Header Files</Filter>
    </ClInclude>
    <ClInclude Include="StateGraphTables.h">
      <Filter>Header Files</Filter>
    </ClInclude>
    <ClInclude Include="stdafx.h">
      <Filter>Header Files</Filter>
    </ClInclude>
    <ClInclude Include="StrOperIdentifier.h">
      <Filter>Header Files</Filter>
    </ClInclude>
    <ClInclude Include="SubCircuit.h">
      <Filter>Header Files</Filter>
    </ClInclude>
    <ClInclude Include="SubCircuitSocket.h">
      <Filter>Header Files</Filter>
    </ClInclude>
    <ClInclude Include="targetver.h">
      <Filter>Header Files</Filter>
    </ClInclude>
    <ClInclude Include="time_stamp.h">
      <Filter>Header Files</Filter>
    </ClInclude>
    <ClInclude Include="TwoPorts.h">
      <Filter>Header Files</Filter>
    </ClInclude>
    <ClInclude Include="UnaryOperators.h">
      <Filter>Header Files</Filter>
    </ClInclude>
    <ClInclude Include="UniqStringBuffer.h">
      <Filter>Header Files</Filter>
    </ClInclude>
    <ClInclude Include="Vertex.h">
      <Filter>Header Files</Filter>
    </ClInclude>
    <ClInclude Include="CompRedefiner.h">
      <Filter>Header Files</Filter>
    </ClInclude>
    <ClInclude Include="MetaComponente.h">
      <Filter>Header Files</Filter>
    </ClInclude>
    <ClInclude Include="UnlineraBlackBox.h">
      <Filter>Header Files</Filter>
    </ClInclude>
  </ItemGroup>
  <ItemGroup>
    <Text Include="ReadMe.txt" />
  </ItemGroup>
</Project>