
Microsoft Visual Studio Solution File, Format Version 12.00
# Visual Studio 2013
VisualStudioVersion = 12.0.31101.0
MinimumVisualStudioVersion = 10.0.40219.1
Project("{8BC9CEB8-8B4A-11D0-8D11-00A0C91BC942}") = "MainEngineLibrary", "MainEngineLibrary\MainEngineLibrary.vcxproj", "{149B0219-919A-4778-BCAE-2FE70B989592}"
EndProject
Project("{8BC9CEB8-8B4A-11D0-8D11-00A0C91BC942}") = "ModelTests", "ModelTests\ModelTests.vcxproj", "{CAAC1DDE-9E7F-467A-9558-D039D36FC51D}"
EndProject
Project("{8BC9CEB8-8B4A-11D0-8D11-00A0C91BC942}") = "PathologicalFilv", "PathologicalFilv\PathologicalFilv.vcxproj", "{1019927B-AFDA-49E1-8E19-A6820CFDA9F9}"
EndProject
Project("{8BC9CEB8-8B4A-11D0-8D11-00A0C91BC942}") = "TT", "TT\TT.vcxproj", "{CED02339-4D01-4261-952F-F5D3E1036E99}"
	ProjectSection(ProjectDependencies) = postProject
		{149B0219-919A-4778-BCAE-2FE70B989592} = {149B0219-919A-4778-BCAE-2FE70B989592}
	EndProjectSection
EndProject
Project("{8BC9CEB8-8B4A-11D0-8D11-00A0C91BC942}") = "Perturbation", "Perturbation\Perturbation.vcxproj", "{B4030BE9-B658-42C2-A45B-692C5CBEF27B}"
	ProjectSection(ProjectDependencies) = postProject
		{149B0219-919A-4778-BCAE-2FE70B989592} = {149B0219-919A-4778-BCAE-2FE70B989592}
	EndProjectSection
EndProject
Project("{8BC9CEB8-8B4A-11D0-8D11-00A0C91BC942}") = "SimplyExample", "SimplyExample\SimplyExample.vcxproj", "{5DD670D9-CA61-4D7C-A3E7-51481276F9B8}"
	ProjectSection(ProjectDependencies) = postProject
		{149B0219-919A-4778-BCAE-2FE70B989592} = {149B0219-919A-4778-BCAE-2FE70B989592}
	EndProjectSection
EndProject
Project("{8BC9CEB8-8B4A-11D0-8D11-00A0C91BC942}") = "SimplyMetaModel", "SimplyMetaModel\SimplyMetaModel.vcxproj", "{22F844B9-6719-4ABC-BEA9-56CBE59C6980}"
	ProjectSection(ProjectDependencies) = postProject
		{149B0219-919A-4778-BCAE-2FE70B989592} = {149B0219-919A-4778-BCAE-2FE70B989592}
	EndProjectSection
EndProject
Project("{8BC9CEB8-8B4A-11D0-8D11-00A0C91BC942}") = "SimpleBOCCIIExample", "SimpleBOCCIIExample\SimpleBOCCIIExample.vcxproj", "{1721DB1B-FFC1-4399-8B78-9B24BF73C85C}"
	ProjectSection(ProjectDependencies) = postProject
		{149B0219-919A-4778-BCAE-2FE70B989592} = {149B0219-919A-4778-BCAE-2FE70B989592}
	EndProjectSection
EndProject
Project("{8BC9CEB8-8B4A-11D0-8D11-00A0C91BC942}") = "SimplyDDCCModel", "SimplyDDCCModel\SimplyDDCCModel.vcxproj", "{0374B68B-C8F1-436D-86F6-13D27D42D0E3}"
	ProjectSection(ProjectDependencies) = postProject
		{149B0219-919A-4778-BCAE-2FE70B989592} = {149B0219-919A-4778-BCAE-2FE70B989592}
	EndProjectSection
EndProject
Project("{8BC9CEB8-8B4A-11D0-8D11-00A0C91BC942}") = "SimplyDVCII", "SimplyDVCII\SimplyDVCII.vcxproj", "{C91A1835-F375-49DB-B430-E3B8392250B7}"
	ProjectSection(ProjectDependencies) = postProject
		{149B0219-919A-4778-BCAE-2FE70B989592} = {149B0219-919A-4778-BCAE-2FE70B989592}
	EndProjectSection
EndProject
Project("{8BC9CEB8-8B4A-11D0-8D11-00A0C91BC942}") = "SimplySKFloatingFilter", "SimplySKFloatingFilter\SimplySKFloatingFilter.vcxproj", "{35D2D3C2-5A9E-42DC-A812-46DBBA51F45A}"
EndProject
Project("{8BC9CEB8-8B4A-11D0-8D11-00A0C91BC942}") = "SimplySKFloatingFilterPropGnd", "SimplySKFloatingFilterPropGnd\SimplySKFloatingFilterPropGnd.vcxproj", "{F458E7C9-7F2B-48FE-B038-0886A8E2B813}"
	ProjectSection(ProjectDependencies) = postProject
		{149B0219-919A-4778-BCAE-2FE70B989592} = {149B0219-919A-4778-BCAE-2FE70B989592}
	EndProjectSection
EndProject
Project("{8BC9CEB8-8B4A-11D0-8D11-00A0C91BC942}") = "SimpModelSanchez-Lopez", "SimpModelSanchez-Lopez\SimpModelSanchez-Lopez.vcxproj", "{3BCD06B6-F6FD-4836-9829-71BBBB98B749}"
	ProjectSection(ProjectDependencies) = postProject
		{149B0219-919A-4778-BCAE-2FE70B989592} = {149B0219-919A-4778-BCAE-2FE70B989592}
	EndProjectSection
EndProject
Project("{8BC9CEB8-8B4A-11D0-8D11-00A0C91BC942}") = "SimpModelSanchez-LopezImproved", "SimpModelSanchez-LopezImproved\SimpModelSanchez-LopezImproved.vcxproj", "{EB467CDE-1402-4572-9AE1-8FC87AF7CA38}"
EndProject
Project("{8BC9CEB8-8B4A-11D0-8D11-00A0C91BC942}") = "SimpModelControlledSources", "SimpModelControlledSources\SimpModelControlledSources.vcxproj", "{64F168BE-24FA-459A-9CF0-1D83F0B782E4}"
EndProject
Project("{8BC9CEB8-8B4A-11D0-8D11-00A0C91BC942}") = "SimplySKFloatingFilterUnPropGnd", "SimplySKFloatingFilterUnPropGnd\SimplySKFloatingFilterUnPropGnd.vcxproj", "{8AFFADB2-8978-4849-9BA8-9B166F92CD24}"
	ProjectSection(ProjectDependencies) = postProject
		{149B0219-919A-4778-BCAE-2FE70B989592} = {149B0219-919A-4778-BCAE-2FE70B989592}
	EndProjectSection
EndProject
Project("{8BC9CEB8-8B4A-11D0-8D11-00A0C91BC942}") = "SimpModelControlledSourcesImprovedkR", "SimpModelControlledSourcesImprovedkR\SimpModelControlledSourcesImprovedkR.vcxproj", "{622A8AC2-91C2-49A6-A002-14651ADB1FF0}"
	ProjectSection(ProjectDependencies) = postProject
		{149B0219-919A-4778-BCAE-2FE70B989592} = {149B0219-919A-4778-BCAE-2FE70B989592}
	EndProjectSection
EndProject
Project("{8BC9CEB8-8B4A-11D0-8D11-00A0C91BC942}") = "SimpModelControlledSourcesAsym", "SimpModelControlledSourcesAsym\SimpModelControlledSourcesAsym.vcxproj", "{86736F5D-849D-42D0-A7D8-5DE6012B12CC}"
	ProjectSection(ProjectDependencies) = postProject
		{149B0219-919A-4778-BCAE-2FE70B989592} = {149B0219-919A-4778-BCAE-2FE70B989592}
	EndProjectSection
EndProject
Project("{8BC9CEB8-8B4A-11D0-8D11-00A0C91BC942}") = "SimpModelControlledSourcesImprovedkRAsym", "SimpModelControlledSourcesImprovedkRAsym\SimpModelControlledSourcesImprovedkRAsym.vcxproj", "{26C9F3A5-F105-4F75-9BA4-7FC59A63A25D}"
	ProjectSection(ProjectDependencies) = postProject
		{149B0219-919A-4778-BCAE-2FE70B989592} = {149B0219-919A-4778-BCAE-2FE70B989592}
	EndProjectSection
EndProject
Project("{8BC9CEB8-8B4A-11D0-8D11-00A0C91BC942}") = "SimplySKFloatingFilterPropGndAsym", "SimplySKFloatingFilterPropGndAsym\SimplySKFloatingFilterPropGndAsym.vcxproj", "{B1FF5D2A-C5DE-4049-9E47-67DA9A5DE216}"
	ProjectSection(ProjectDependencies) = postProject
		{149B0219-919A-4778-BCAE-2FE70B989592} = {149B0219-919A-4778-BCAE-2FE70B989592}
	EndProjectSection
EndProject
Project("{8BC9CEB8-8B4A-11D0-8D11-00A0C91BC942}") = "SimplyGenSym", "SimplyGenSym\SimplyGenSym.vcxproj", "{B3477DF3-4555-4A2E-BD0A-860E499F16A7}"
	ProjectSection(ProjectDependencies) = postProject
		{149B0219-919A-4778-BCAE-2FE70B989592} = {149B0219-919A-4778-BCAE-2FE70B989592}
	EndProjectSection
EndProject
Project("{8BC9CEB8-8B4A-11D0-8D11-00A0C91BC942}") = "SimplyGenAsym", "SimplyGenAsym\SimplyGenAsym.vcxproj", "{0BB4F03F-EEF5-4BC7-BA8C-5BC2C131A5CC}"
	ProjectSection(ProjectDependencies) = postProject
		{149B0219-919A-4778-BCAE-2FE70B989592} = {149B0219-919A-4778-BCAE-2FE70B989592}
	EndProjectSection
EndProject
Project("{8BC9CEB8-8B4A-11D0-8D11-00A0C91BC942}") = "RCLeadder", "RCLeadder\RCLeadder.vcxproj", "{80D9B0E1-2484-4172-9231-70E9E60CC3BA}"
	ProjectSection(ProjectDependencies) = postProject
		{149B0219-919A-4778-BCAE-2FE70B989592} = {149B0219-919A-4778-BCAE-2FE70B989592}
	EndProjectSection
EndProject
Project("{8BC9CEB8-8B4A-11D0-8D11-00A0C91BC942}") = "Hartley", "Hartley\Hartley.vcxproj", "{5ACBC56E-D44C-43BA-96CD-49930ACCBAD8}"
	ProjectSection(ProjectDependencies) = postProject
		{149B0219-919A-4778-BCAE-2FE70B989592} = {149B0219-919A-4778-BCAE-2FE70B989592}
	EndProjectSection
EndProject
Project("{8BC9CEB8-8B4A-11D0-8D11-00A0C91BC942}") = "Colpits", "Colpits\Colpits.vcxproj", "{DA69761F-EA17-4546-9D8B-ACC465A833A4}"
	ProjectSection(ProjectDependencies) = postProject
		{149B0219-919A-4778-BCAE-2FE70B989592} = {149B0219-919A-4778-BCAE-2FE70B989592}
	EndProjectSection
EndProject
Project("{8BC9CEB8-8B4A-11D0-8D11-00A0C91BC942}") = "Meissner", "Meissner\Meissner.vcxproj", "{978D4B08-6AF2-4AD5-B18E-DF5F73D23F2E}"
	ProjectSection(ProjectDependencies) = postProject
		{149B0219-919A-4778-BCAE-2FE70B989592} = {149B0219-919A-4778-BCAE-2FE70B989592}
	EndProjectSection
EndProject
Project("{8BC9CEB8-8B4A-11D0-8D11-00A0C91BC942}") = "RCLeadder2", "RCLeadder2\RCLeadder2.vcxproj", "{D8B31310-4A64-4A26-BBBC-50BD291AFD7A}"
	ProjectSection(ProjectDependencies) = postProject
		{149B0219-919A-4778-BCAE-2FE70B989592} = {149B0219-919A-4778-BCAE-2FE70B989592}
	EndProjectSection
EndProject
Project("{8BC9CEB8-8B4A-11D0-8D11-00A0C91BC942}") = "GenLCGeneral", "Colpits2\Colpits2.vcxproj", "{65461DE6-9EF0-4261-A32A-BCB376313F50}"
	ProjectSection(ProjectDependencies) = postProject
		{149B0219-919A-4778-BCAE-2FE70B989592} = {149B0219-919A-4778-BCAE-2FE70B989592}
	EndProjectSection
EndProject
Project("{8BC9CEB8-8B4A-11D0-8D11-00A0C91BC942}") = "SimplFloatAmp", "SimplFloatAmp\SimplFloatAmp.vcxproj", "{F4DDC1FD-A378-4B50-8C67-00EE481C9FD7}"
	ProjectSection(ProjectDependencies) = postProject
		{149B0219-919A-4778-BCAE-2FE70B989592} = {149B0219-919A-4778-BCAE-2FE70B989592}
	EndProjectSection
EndProject
Project("{8BC9CEB8-8B4A-11D0-8D11-00A0C91BC942}") = "SimpleBOCCISoliman", "SimpleBOCCISoliman\SimpleBOCCISoliman.vcxproj", "{6C072A92-95BC-4682-97A2-0E1B6FE04400}"
	ProjectSection(ProjectDependencies) = postProject
		{149B0219-919A-4778-BCAE-2FE70B989592} = {149B0219-919A-4778-BCAE-2FE70B989592}
	EndProjectSection
EndProject
Project("{8BC9CEB8-8B4A-11D0-8D11-00A0C91BC942}") = "SimplySKFloatingFilterSub", "SimplySKFloatingFilterSub\SimplySKFloatingFilterSub.vcxproj", "{88354BC9-7808-40EC-8387-D0DD15CE09E3}"
	ProjectSection(ProjectDependencies) = postProject
		{149B0219-919A-4778-BCAE-2FE70B989592} = {149B0219-919A-4778-BCAE-2FE70B989592}
	EndProjectSection
EndProject
Project("{8BC9CEB8-8B4A-11D0-8D11-00A0C91BC942}") = "SimpleBOCCISoliman2", "SimpleBOCCISoliman2\SimpleBOCCISoliman2.vcxproj", "{283E05D7-5FFB-4896-BDE9-26F88E9EC7C4}"
	ProjectSection(ProjectDependencies) = postProject
		{149B0219-919A-4778-BCAE-2FE70B989592} = {149B0219-919A-4778-BCAE-2FE70B989592}
	EndProjectSection
EndProject
Project("{8BC9CEB8-8B4A-11D0-8D11-00A0C91BC942}") = "SimplyFDCIIFilter", "SimplyFDCIIFilter\SimplyFDCIIFilter.vcxproj", "{435BC87E-0038-44CA-8EB2-DA8349CBDB1A}"
	ProjectSection(ProjectDependencies) = postProject
		{149B0219-919A-4778-BCAE-2FE70B989592} = {149B0219-919A-4778-BCAE-2FE70B989592}
	EndProjectSection
EndProject
Project("{8BC9CEB8-8B4A-11D0-8D11-00A0C91BC942}") = "SimplyFDCIIFilterNoSub", "SimplyFDCIIFilterNoSub\SimplyFDCIIFilterNoSub.vcxproj", "{DC8AC03F-899B-4F82-BDEF-FD8AE8AF232F}"
	ProjectSection(ProjectDependencies) = postProject
		{149B0219-919A-4778-BCAE-2FE70B989592} = {149B0219-919A-4778-BCAE-2FE70B989592}
	EndProjectSection
EndProject
Global
	GlobalSection(SolutionConfigurationPlatforms) = preSolution
		Debug|Win32 = Debug|Win32
		Debug|x64 = Debug|x64
		Release|Win32 = Release|Win32
		Release|x64 = Release|x64
		Win 64|Win32 = Win 64|Win32
		Win 64|x64 = Win 64|x64
	EndGlobalSection
	GlobalSection(ProjectConfigurationPlatforms) = postSolution
		{149B0219-919A-4778-BCAE-2FE70B989592}.Debug|Win32.ActiveCfg = Debug|Win32
		{149B0219-919A-4778-BCAE-2FE70B989592}.Debug|Win32.Build.0 = Debug|Win32
		{149B0219-919A-4778-BCAE-2FE70B989592}.Debug|x64.ActiveCfg = Debug|x64
		{149B0219-919A-4778-BCAE-2FE70B989592}.Debug|x64.Build.0 = Debug|x64
		{149B0219-919A-4778-BCAE-2FE70B989592}.Release|Win32.ActiveCfg = Release|Win32
		{149B0219-919A-4778-BCAE-2FE70B989592}.Release|Win32.Build.0 = Release|Win32
		{149B0219-919A-4778-BCAE-2FE70B989592}.Release|x64.ActiveCfg = Release|x64
		{149B0219-919A-4778-BCAE-2FE70B989592}.Release|x64.Build.0 = Release|x64
		{149B0219-919A-4778-BCAE-2FE70B989592}.Win 64|Win32.ActiveCfg = Win 64|Win32
		{149B0219-919A-4778-BCAE-2FE70B989592}.Win 64|Win32.Build.0 = Win 64|Win32
		{149B0219-919A-4778-BCAE-2FE70B989592}.Win 64|x64.ActiveCfg = Win 64|x64
		{149B0219-919A-4778-BCAE-2FE70B989592}.Win 64|x64.Build.0 = Win 64|x64
		{CAAC1DDE-9E7F-467A-9558-D039D36FC51D}.Debug|Win32.ActiveCfg = Debug|Win32
		{CAAC1DDE-9E7F-467A-9558-D039D36FC51D}.Debug|Win32.Build.0 = Debug|Win32
		{CAAC1DDE-9E7F-467A-9558-D039D36FC51D}.Debug|x64.ActiveCfg = Debug|Win32
		{CAAC1DDE-9E7F-467A-9558-D039D36FC51D}.Release|Win32.ActiveCfg = Release|Win32
		{CAAC1DDE-9E7F-467A-9558-D039D36FC51D}.Release|Win32.Build.0 = Release|Win32
		{CAAC1DDE-9E7F-467A-9558-D039D36FC51D}.Release|x64.ActiveCfg = Release|Win32
		{CAAC1DDE-9E7F-467A-9558-D039D36FC51D}.Win 64|Win32.ActiveCfg = Release|Win32
		{CAAC1DDE-9E7F-467A-9558-D039D36FC51D}.Win 64|Win32.Build.0 = Release|Win32
		{CAAC1DDE-9E7F-467A-9558-D039D36FC51D}.Win 64|x64.ActiveCfg = Release|Win32
		{1019927B-AFDA-49E1-8E19-A6820CFDA9F9}.Debug|Win32.ActiveCfg = Debug|Win32
		{1019927B-AFDA-49E1-8E19-A6820CFDA9F9}.Debug|Win32.Build.0 = Debug|Win32
		{1019927B-AFDA-49E1-8E19-A6820CFDA9F9}.Debug|x64.ActiveCfg = Debug|Win32
		{1019927B-AFDA-49E1-8E19-A6820CFDA9F9}.Release|Win32.ActiveCfg = Release|Win32
		{1019927B-AFDA-49E1-8E19-A6820CFDA9F9}.Release|Win32.Build.0 = Release|Win32
		{1019927B-AFDA-49E1-8E19-A6820CFDA9F9}.Release|x64.ActiveCfg = Release|Win32
		{1019927B-AFDA-49E1-8E19-A6820CFDA9F9}.Win 64|Win32.ActiveCfg = Release|Win32
		{1019927B-AFDA-49E1-8E19-A6820CFDA9F9}.Win 64|Win32.Build.0 = Release|Win32
		{1019927B-AFDA-49E1-8E19-A6820CFDA9F9}.Win 64|x64.ActiveCfg = Release|Win32
		{CED02339-4D01-4261-952F-F5D3E1036E99}.Debug|Win32.ActiveCfg = Debug|Win32
		{CED02339-4D01-4261-952F-F5D3E1036E99}.Debug|Win32.Build.0 = Debug|Win32
		{CED02339-4D01-4261-952F-F5D3E1036E99}.Debug|x64.ActiveCfg = Debug|Win32
		{CED02339-4D01-4261-952F-F5D3E1036E99}.Release|Win32.ActiveCfg = Release|Win32
		{CED02339-4D01-4261-952F-F5D3E1036E99}.Release|Win32.Build.0 = Release|Win32
		{CED02339-4D01-4261-952F-F5D3E1036E99}.Release|x64.ActiveCfg = Release|Win32
		{CED02339-4D01-4261-952F-F5D3E1036E99}.Win 64|Win32.ActiveCfg = Release|Win32
		{CED02339-4D01-4261-952F-F5D3E1036E99}.Win 64|Win32.Build.0 = Release|Win32
		{CED02339-4D01-4261-952F-F5D3E1036E99}.Win 64|x64.ActiveCfg = Release|Win32
		{B4030BE9-B658-42C2-A45B-692C5CBEF27B}.Debug|Win32.ActiveCfg = Debug|Win32
		{B4030BE9-B658-42C2-A45B-692C5CBEF27B}.Debug|Win32.Build.0 = Debug|Win32
		{B4030BE9-B658-42C2-A45B-692C5CBEF27B}.Debug|x64.ActiveCfg = Debug|Win32
		{B4030BE9-B658-42C2-A45B-692C5CBEF27B}.Release|Win32.ActiveCfg = Release|Win32
		{B4030BE9-B658-42C2-A45B-692C5CBEF27B}.Release|Win32.Build.0 = Release|Win32
		{B4030BE9-B658-42C2-A45B-692C5CBEF27B}.Release|x64.ActiveCfg = Release|Win32
		{B4030BE9-B658-42C2-A45B-692C5CBEF27B}.Win 64|Win32.ActiveCfg = Release|Win32
		{B4030BE9-B658-42C2-A45B-692C5CBEF27B}.Win 64|Win32.Build.0 = Release|Win32
		{B4030BE9-B658-42C2-A45B-692C5CBEF27B}.Win 64|x64.ActiveCfg = Release|Win32
		{5DD670D9-CA61-4D7C-A3E7-51481276F9B8}.Debug|Win32.ActiveCfg = Debug|Win32
		{5DD670D9-CA61-4D7C-A3E7-51481276F9B8}.Debug|Win32.Build.0 = Debug|Win32
		{5DD670D9-CA61-4D7C-A3E7-51481276F9B8}.Debug|x64.ActiveCfg = Debug|Win32
		{5DD670D9-CA61-4D7C-A3E7-51481276F9B8}.Release|Win32.ActiveCfg = Release|Win32
		{5DD670D9-CA61-4D7C-A3E7-51481276F9B8}.Release|Win32.Build.0 = Release|Win32
		{5DD670D9-CA61-4D7C-A3E7-51481276F9B8}.Release|x64.ActiveCfg = Release|Win32
		{5DD670D9-CA61-4D7C-A3E7-51481276F9B8}.Win 64|Win32.ActiveCfg = Release|Win32
		{5DD670D9-CA61-4D7C-A3E7-51481276F9B8}.Win 64|Win32.Build.0 = Release|Win32
		{5DD670D9-CA61-4D7C-A3E7-51481276F9B8}.Win 64|x64.ActiveCfg = Release|Win32
		{22F844B9-6719-4ABC-BEA9-56CBE59C6980}.Debug|Win32.ActiveCfg = Debug|Win32
		{22F844B9-6719-4ABC-BEA9-56CBE59C6980}.Debug|Win32.Build.0 = Debug|Win32
		{22F844B9-6719-4ABC-BEA9-56CBE59C6980}.Debug|x64.ActiveCfg = Debug|Win32
		{22F844B9-6719-4ABC-BEA9-56CBE59C6980}.Release|Win32.ActiveCfg = Release|Win32
		{22F844B9-6719-4ABC-BEA9-56CBE59C6980}.Release|Win32.Build.0 = Release|Win32
		{22F844B9-6719-4ABC-BEA9-56CBE59C6980}.Release|x64.ActiveCfg = Release|Win32
		{22F844B9-6719-4ABC-BEA9-56CBE59C6980}.Win 64|Win32.ActiveCfg = Release|Win32
		{22F844B9-6719-4ABC-BEA9-56CBE59C6980}.Win 64|Win32.Build.0 = Release|Win32
		{22F844B9-6719-4ABC-BEA9-56CBE59C6980}.Win 64|x64.ActiveCfg = Release|Win32
		{1721DB1B-FFC1-4399-8B78-9B24BF73C85C}.Debug|Win32.ActiveCfg = Debug|Win32
		{1721DB1B-FFC1-4399-8B78-9B24BF73C85C}.Debug|Win32.Build.0 = Debug|Win32
		{1721DB1B-FFC1-4399-8B78-9B24BF73C85C}.Debug|x64.ActiveCfg = Debug|Win32
		{1721DB1B-FFC1-4399-8B78-9B24BF73C85C}.Release|Win32.ActiveCfg = Release|Win32
		{1721DB1B-FFC1-4399-8B78-9B24BF73C85C}.Release|Win32.Build.0 = Release|Win32
		{1721DB1B-FFC1-4399-8B78-9B24BF73C85C}.Release|x64.ActiveCfg = Release|Win32
		{1721DB1B-FFC1-4399-8B78-9B24BF73C85C}.Win 64|Win32.ActiveCfg = Release|Win32
		{1721DB1B-FFC1-4399-8B78-9B24BF73C85C}.Win 64|Win32.Build.0 = Release|Win32
		{1721DB1B-FFC1-4399-8B78-9B24BF73C85C}.Win 64|x64.ActiveCfg = Release|Win32
		{0374B68B-C8F1-436D-86F6-13D27D42D0E3}.Debug|Win32.ActiveCfg = Debug|Win32
		{0374B68B-C8F1-436D-86F6-13D27D42D0E3}.Debug|Win32.Build.0 = Debug|Win32
		{0374B68B-C8F1-436D-86F6-13D27D42D0E3}.Debug|x64.ActiveCfg = Debug|Win32
		{0374B68B-C8F1-436D-86F6-13D27D42D0E3}.Release|Win32.ActiveCfg = Release|Win32
		{0374B68B-C8F1-436D-86F6-13D27D42D0E3}.Release|Win32.Build.0 = Release|Win32
		{0374B68B-C8F1-436D-86F6-13D27D42D0E3}.Release|x64.ActiveCfg = Release|Win32
		{0374B68B-C8F1-436D-86F6-13D27D42D0E3}.Win 64|Win32.ActiveCfg = Release|Win32
		{0374B68B-C8F1-436D-86F6-13D27D42D0E3}.Win 64|Win32.Build.0 = Release|Win32
		{0374B68B-C8F1-436D-86F6-13D27D42D0E3}.Win 64|x64.ActiveCfg = Release|Win32
		{C91A1835-F375-49DB-B430-E3B8392250B7}.Debug|Win32.ActiveCfg = Debug|Win32
		{C91A1835-F375-49DB-B430-E3B8392250B7}.Debug|Win32.Build.0 = Debug|Win32
		{C91A1835-F375-49DB-B430-E3B8392250B7}.Debug|x64.ActiveCfg = Debug|Win32
		{C91A1835-F375-49DB-B430-E3B8392250B7}.Release|Win32.ActiveCfg = Release|Win32
		{C91A1835-F375-49DB-B430-E3B8392250B7}.Release|Win32.Build.0 = Release|Win32
		{C91A1835-F375-49DB-B430-E3B8392250B7}.Release|x64.ActiveCfg = Release|Win32
		{C91A1835-F375-49DB-B430-E3B8392250B7}.Win 64|Win32.ActiveCfg = Release|Win32
		{C91A1835-F375-49DB-B430-E3B8392250B7}.Win 64|Win32.Build.0 = Release|Win32
		{C91A1835-F375-49DB-B430-E3B8392250B7}.Win 64|x64.ActiveCfg = Release|Win32
		{35D2D3C2-5A9E-42DC-A812-46DBBA51F45A}.Debug|Win32.ActiveCfg = Debug|Win32
		{35D2D3C2-5A9E-42DC-A812-46DBBA51F45A}.Debug|Win32.Build.0 = Debug|Win32
		{35D2D3C2-5A9E-42DC-A812-46DBBA51F45A}.Debug|x64.ActiveCfg = Debug|Win32
		{35D2D3C2-5A9E-42DC-A812-46DBBA51F45A}.Release|Win32.ActiveCfg = Release|Win32
		{35D2D3C2-5A9E-42DC-A812-46DBBA51F45A}.Release|Win32.Build.0 = Release|Win32
		{35D2D3C2-5A9E-42DC-A812-46DBBA51F45A}.Release|x64.ActiveCfg = Release|Win32
		{35D2D3C2-5A9E-42DC-A812-46DBBA51F45A}.Win 64|Win32.ActiveCfg = Release|Win32
		{35D2D3C2-5A9E-42DC-A812-46DBBA51F45A}.Win 64|Win32.Build.0 = Release|Win32
		{35D2D3C2-5A9E-42DC-A812-46DBBA51F45A}.Win 64|x64.ActiveCfg = Release|Win32
		{F458E7C9-7F2B-48FE-B038-0886A8E2B813}.Debug|Win32.ActiveCfg = Debug|Win32
		{F458E7C9-7F2B-48FE-B038-0886A8E2B813}.Debug|Win32.Build.0 = Debug|Win32
		{F458E7C9-7F2B-48FE-B038-0886A8E2B813}.Debug|x64.ActiveCfg = Debug|Win32
		{F458E7C9-7F2B-48FE-B038-0886A8E2B813}.Release|Win32.ActiveCfg = Release|Win32
		{F458E7C9-7F2B-48FE-B038-0886A8E2B813}.Release|Win32.Build.0 = Release|Win32
		{F458E7C9-7F2B-48FE-B038-0886A8E2B813}.Release|x64.ActiveCfg = Release|Win32
		{F458E7C9-7F2B-48FE-B038-0886A8E2B813}.Win 64|Win32.ActiveCfg = Release|Win32
		{F458E7C9-7F2B-48FE-B038-0886A8E2B813}.Win 64|Win32.Build.0 = Release|Win32
		{F458E7C9-7F2B-48FE-B038-0886A8E2B813}.Win 64|x64.ActiveCfg = Release|Win32
		{3BCD06B6-F6FD-4836-9829-71BBBB98B749}.Debug|Win32.ActiveCfg = Debug|Win32
		{3BCD06B6-F6FD-4836-9829-71BBBB98B749}.Debug|Win32.Build.0 = Debug|Win32
		{3BCD06B6-F6FD-4836-9829-71BBBB98B749}.Debug|x64.ActiveCfg = Debug|Win32
		{3BCD06B6-F6FD-4836-9829-71BBBB98B749}.Release|Win32.ActiveCfg = Release|Win32
		{3BCD06B6-F6FD-4836-9829-71BBBB98B749}.Release|Win32.Build.0 = Release|Win32
		{3BCD06B6-F6FD-4836-9829-71BBBB98B749}.Release|x64.ActiveCfg = Release|Win32
		{3BCD06B6-F6FD-4836-9829-71BBBB98B749}.Win 64|Win32.ActiveCfg = Release|Win32
		{3BCD06B6-F6FD-4836-9829-71BBBB98B749}.Win 64|Win32.Build.0 = Release|Win32
		{3BCD06B6-F6FD-4836-9829-71BBBB98B749}.Win 64|x64.ActiveCfg = Release|Win32
		{EB467CDE-1402-4572-9AE1-8FC87AF7CA38}.Debug|Win32.ActiveCfg = Debug|Win32
		{EB467CDE-1402-4572-9AE1-8FC87AF7CA38}.Debug|Win32.Build.0 = Debug|Win32
		{EB467CDE-1402-4572-9AE1-8FC87AF7CA38}.Debug|x64.ActiveCfg = Debug|Win32
		{EB467CDE-1402-4572-9AE1-8FC87AF7CA38}.Release|Win32.ActiveCfg = Release|Win32
		{EB467CDE-1402-4572-9AE1-8FC87AF7CA38}.Release|Win32.Build.0 = Release|Win32
		{EB467CDE-1402-4572-9AE1-8FC87AF7CA38}.Release|x64.ActiveCfg = Release|Win32
		{EB467CDE-1402-4572-9AE1-8FC87AF7CA38}.Win 64|Win32.ActiveCfg = Release|Win32
		{EB467CDE-1402-4572-9AE1-8FC87AF7CA38}.Win 64|Win32.Build.0 = Release|Win32
		{EB467CDE-1402-4572-9AE1-8FC87AF7CA38}.Win 64|x64.ActiveCfg = Release|Win32
		{64F168BE-24FA-459A-9CF0-1D83F0B782E4}.Debug|Win32.ActiveCfg = Debug|Win32
		{64F168BE-24FA-459A-9CF0-1D83F0B782E4}.Debug|Win32.Build.0 = Debug|Win32
		{64F168BE-24FA-459A-9CF0-1D83F0B782E4}.Debug|x64.ActiveCfg = Debug|Win32
		{64F168BE-24FA-459A-9CF0-1D83F0B782E4}.Release|Win32.ActiveCfg = Release|Win32
		{64F168BE-24FA-459A-9CF0-1D83F0B782E4}.Release|Win32.Build.0 = Release|Win32
		{64F168BE-24FA-459A-9CF0-1D83F0B782E4}.Release|x64.ActiveCfg = Release|Win32
		{64F168BE-24FA-459A-9CF0-1D83F0B782E4}.Win 64|Win32.ActiveCfg = Release|Win32
		{64F168BE-24FA-459A-9CF0-1D83F0B782E4}.Win 64|Win32.Build.0 = Release|Win32
		{64F168BE-24FA-459A-9CF0-1D83F0B782E4}.Win 64|x64.ActiveCfg = Release|Win32
		{8AFFADB2-8978-4849-9BA8-9B166F92CD24}.Debug|Win32.ActiveCfg = Debug|Win32
		{8AFFADB2-8978-4849-9BA8-9B166F92CD24}.Debug|Win32.Build.0 = Debug|Win32
		{8AFFADB2-8978-4849-9BA8-9B166F92CD24}.Debug|x64.ActiveCfg = Debug|Win32
		{8AFFADB2-8978-4849-9BA8-9B166F92CD24}.Release|Win32.ActiveCfg = Release|Win32
		{8AFFADB2-8978-4849-9BA8-9B166F92CD24}.Release|Win32.Build.0 = Release|Win32
		{8AFFADB2-8978-4849-9BA8-9B166F92CD24}.Release|x64.ActiveCfg = Release|Win32
		{8AFFADB2-8978-4849-9BA8-9B166F92CD24}.Win 64|Win32.ActiveCfg = Release|Win32
		{8AFFADB2-8978-4849-9BA8-9B166F92CD24}.Win 64|Win32.Build.0 = Release|Win32
		{8AFFADB2-8978-4849-9BA8-9B166F92CD24}.Win 64|x64.ActiveCfg = Release|Win32
		{622A8AC2-91C2-49A6-A002-14651ADB1FF0}.Debug|Win32.ActiveCfg = Debug|Win32
		{622A8AC2-91C2-49A6-A002-14651ADB1FF0}.Debug|Win32.Build.0 = Debug|Win32
		{622A8AC2-91C2-49A6-A002-14651ADB1FF0}.Debug|x64.ActiveCfg = Debug|Win32
		{622A8AC2-91C2-49A6-A002-14651ADB1FF0}.Release|Win32.ActiveCfg = Release|Win32
		{622A8AC2-91C2-49A6-A002-14651ADB1FF0}.Release|Win32.Build.0 = Release|Win32
		{622A8AC2-91C2-49A6-A002-14651ADB1FF0}.Release|x64.ActiveCfg = Release|Win32
		{622A8AC2-91C2-49A6-A002-14651ADB1FF0}.Win 64|Win32.ActiveCfg = Release|Win32
		{622A8AC2-91C2-49A6-A002-14651ADB1FF0}.Win 64|Win32.Build.0 = Release|Win32
		{622A8AC2-91C2-49A6-A002-14651ADB1FF0}.Win 64|x64.ActiveCfg = Release|Win32
		{86736F5D-849D-42D0-A7D8-5DE6012B12CC}.Debug|Win32.ActiveCfg = Debug|Win32
		{86736F5D-849D-42D0-A7D8-5DE6012B12CC}.Debug|Win32.Build.0 = Debug|Win32
		{86736F5D-849D-42D0-A7D8-5DE6012B12CC}.Debug|x64.ActiveCfg = Debug|Win32
		{86736F5D-849D-42D0-A7D8-5DE6012B12CC}.Release|Win32.ActiveCfg = Release|Win32
		{86736F5D-849D-42D0-A7D8-5DE6012B12CC}.Release|Win32.Build.0 = Release|Win32
		{86736F5D-849D-42D0-A7D8-5DE6012B12CC}.Release|x64.ActiveCfg = Release|Win32
		{86736F5D-849D-42D0-A7D8-5DE6012B12CC}.Win 64|Win32.ActiveCfg = Release|Win32
		{86736F5D-849D-42D0-A7D8-5DE6012B12CC}.Win 64|Win32.Build.0 = Release|Win32
		{86736F5D-849D-42D0-A7D8-5DE6012B12CC}.Win 64|x64.ActiveCfg = Release|Win32
		{26C9F3A5-F105-4F75-9BA4-7FC59A63A25D}.Debug|Win32.ActiveCfg = Debug|Win32
		{26C9F3A5-F105-4F75-9BA4-7FC59A63A25D}.Debug|Win32.Build.0 = Debug|Win32
		{26C9F3A5-F105-4F75-9BA4-7FC59A63A25D}.Debug|x64.ActiveCfg = Debug|Win32
		{26C9F3A5-F105-4F75-9BA4-7FC59A63A25D}.Release|Win32.ActiveCfg = Release|Win32
		{26C9F3A5-F105-4F75-9BA4-7FC59A63A25D}.Release|Win32.Build.0 = Release|Win32
		{26C9F3A5-F105-4F75-9BA4-7FC59A63A25D}.Release|x64.ActiveCfg = Release|Win32
		{26C9F3A5-F105-4F75-9BA4-7FC59A63A25D}.Win 64|Win32.ActiveCfg = Release|Win32
		{26C9F3A5-F105-4F75-9BA4-7FC59A63A25D}.Win 64|Win32.Build.0 = Release|Win32
		{26C9F3A5-F105-4F75-9BA4-7FC59A63A25D}.Win 64|x64.ActiveCfg = Release|Win32
		{B1FF5D2A-C5DE-4049-9E47-67DA9A5DE216}.Debug|Win32.ActiveCfg = Debug|Win32
		{B1FF5D2A-C5DE-4049-9E47-67DA9A5DE216}.Debug|Win32.Build.0 = Debug|Win32
		{B1FF5D2A-C5DE-4049-9E47-67DA9A5DE216}.Debug|x64.ActiveCfg = Debug|Win32
		{B1FF5D2A-C5DE-4049-9E47-67DA9A5DE216}.Release|Win32.ActiveCfg = Release|Win32
		{B1FF5D2A-C5DE-4049-9E47-67DA9A5DE216}.Release|Win32.Build.0 = Release|Win32
		{B1FF5D2A-C5DE-4049-9E47-67DA9A5DE216}.Release|x64.ActiveCfg = Release|Win32
		{B1FF5D2A-C5DE-4049-9E47-67DA9A5DE216}.Win 64|Win32.ActiveCfg = Release|Win32
		{B1FF5D2A-C5DE-4049-9E47-67DA9A5DE216}.Win 64|Win32.Build.0 = Release|Win32
		{B1FF5D2A-C5DE-4049-9E47-67DA9A5DE216}.Win 64|x64.ActiveCfg = Release|Win32
		{B3477DF3-4555-4A2E-BD0A-860E499F16A7}.Debug|Win32.ActiveCfg = Debug|Win32
		{B3477DF3-4555-4A2E-BD0A-860E499F16A7}.Debug|Win32.Build.0 = Debug|Win32
		{B3477DF3-4555-4A2E-BD0A-860E499F16A7}.Debug|x64.ActiveCfg = Debug|Win32
		{B3477DF3-4555-4A2E-BD0A-860E499F16A7}.Release|Win32.ActiveCfg = Release|Win32
		{B3477DF3-4555-4A2E-BD0A-860E499F16A7}.Release|Win32.Build.0 = Release|Win32
		{B3477DF3-4555-4A2E-BD0A-860E499F16A7}.Release|x64.ActiveCfg = Release|Win32
		{B3477DF3-4555-4A2E-BD0A-860E499F16A7}.Win 64|Win32.ActiveCfg = Release|Win32
		{B3477DF3-4555-4A2E-BD0A-860E499F16A7}.Win 64|Win32.Build.0 = Release|Win32
		{B3477DF3-4555-4A2E-BD0A-860E499F16A7}.Win 64|x64.ActiveCfg = Release|Win32
		{0BB4F03F-EEF5-4BC7-BA8C-5BC2C131A5CC}.Debug|Win32.ActiveCfg = Debug|Win32
		{0BB4F03F-EEF5-4BC7-BA8C-5BC2C131A5CC}.Debug|Win32.Build.0 = Debug|Win32
		{0BB4F03F-EEF5-4BC7-BA8C-5BC2C131A5CC}.Debug|x64.ActiveCfg = Debug|Win32
		{0BB4F03F-EEF5-4BC7-BA8C-5BC2C131A5CC}.Release|Win32.ActiveCfg = Release|Win32
		{0BB4F03F-EEF5-4BC7-BA8C-5BC2C131A5CC}.Release|Win32.Build.0 = Release|Win32
		{0BB4F03F-EEF5-4BC7-BA8C-5BC2C131A5CC}.Release|x64.ActiveCfg = Release|Win32
		{0BB4F03F-EEF5-4BC7-BA8C-5BC2C131A5CC}.Win 64|Win32.ActiveCfg = Release|Win32
		{0BB4F03F-EEF5-4BC7-BA8C-5BC2C131A5CC}.Win 64|Win32.Build.0 = Release|Win32
		{0BB4F03F-EEF5-4BC7-BA8C-5BC2C131A5CC}.Win 64|x64.ActiveCfg = Release|Win32
		{80D9B0E1-2484-4172-9231-70E9E60CC3BA}.Debug|Win32.ActiveCfg = Debug|Win32
		{80D9B0E1-2484-4172-9231-70E9E60CC3BA}.Debug|Win32.Build.0 = Debug|Win32
		{80D9B0E1-2484-4172-9231-70E9E60CC3BA}.Debug|x64.ActiveCfg = Debug|Win32
		{80D9B0E1-2484-4172-9231-70E9E60CC3BA}.Release|Win32.ActiveCfg = Release|Win32
		{80D9B0E1-2484-4172-9231-70E9E60CC3BA}.Release|Win32.Build.0 = Release|Win32
		{80D9B0E1-2484-4172-9231-70E9E60CC3BA}.Release|x64.ActiveCfg = Release|Win32
		{80D9B0E1-2484-4172-9231-70E9E60CC3BA}.Win 64|Win32.ActiveCfg = Release|Win32
		{80D9B0E1-2484-4172-9231-70E9E60CC3BA}.Win 64|Win32.Build.0 = Release|Win32
		{80D9B0E1-2484-4172-9231-70E9E60CC3BA}.Win 64|x64.ActiveCfg = Release|Win32
		{5ACBC56E-D44C-43BA-96CD-49930ACCBAD8}.Debug|Win32.ActiveCfg = Debug|Win32
		{5ACBC56E-D44C-43BA-96CD-49930ACCBAD8}.Debug|Win32.Build.0 = Debug|Win32
		{5ACBC56E-D44C-43BA-96CD-49930ACCBAD8}.Debug|x64.ActiveCfg = Debug|Win32
		{5ACBC56E-D44C-43BA-96CD-49930ACCBAD8}.Release|Win32.ActiveCfg = Release|Win32
		{5ACBC56E-D44C-43BA-96CD-49930ACCBAD8}.Release|Win32.Build.0 = Release|Win32
		{5ACBC56E-D44C-43BA-96CD-49930ACCBAD8}.Release|x64.ActiveCfg = Release|Win32
		{5ACBC56E-D44C-43BA-96CD-49930ACCBAD8}.Win 64|Win32.ActiveCfg = Release|Win32
		{5ACBC56E-D44C-43BA-96CD-49930ACCBAD8}.Win 64|Win32.Build.0 = Release|Win32
		{5ACBC56E-D44C-43BA-96CD-49930ACCBAD8}.Win 64|x64.ActiveCfg = Release|Win32
		{DA69761F-EA17-4546-9D8B-ACC465A833A4}.Debug|Win32.ActiveCfg = Debug|Win32
		{DA69761F-EA17-4546-9D8B-ACC465A833A4}.Debug|Win32.Build.0 = Debug|Win32
		{DA69761F-EA17-4546-9D8B-ACC465A833A4}.Debug|x64.ActiveCfg = Debug|Win32
		{DA69761F-EA17-4546-9D8B-ACC465A833A4}.Release|Win32.ActiveCfg = Release|Win32
		{DA69761F-EA17-4546-9D8B-ACC465A833A4}.Release|Win32.Build.0 = Release|Win32
		{DA69761F-EA17-4546-9D8B-ACC465A833A4}.Release|x64.ActiveCfg = Release|Win32
		{DA69761F-EA17-4546-9D8B-ACC465A833A4}.Win 64|Win32.ActiveCfg = Release|Win32
		{DA69761F-EA17-4546-9D8B-ACC465A833A4}.Win 64|Win32.Build.0 = Release|Win32
		{DA69761F-EA17-4546-9D8B-ACC465A833A4}.Win 64|x64.ActiveCfg = Release|Win32
		{978D4B08-6AF2-4AD5-B18E-DF5F73D23F2E}.Debug|Win32.ActiveCfg = Debug|Win32
		{978D4B08-6AF2-4AD5-B18E-DF5F73D23F2E}.Debug|Win32.Build.0 = Debug|Win32
		{978D4B08-6AF2-4AD5-B18E-DF5F73D23F2E}.Debug|x64.ActiveCfg = Debug|Win32
		{978D4B08-6AF2-4AD5-B18E-DF5F73D23F2E}.Release|Win32.ActiveCfg = Release|Win32
		{978D4B08-6AF2-4AD5-B18E-DF5F73D23F2E}.Release|Win32.Build.0 = Release|Win32
		{978D4B08-6AF2-4AD5-B18E-DF5F73D23F2E}.Release|x64.ActiveCfg = Release|Win32
		{978D4B08-6AF2-4AD5-B18E-DF5F73D23F2E}.Win 64|Win32.ActiveCfg = Release|Win32
		{978D4B08-6AF2-4AD5-B18E-DF5F73D23F2E}.Win 64|Win32.Build.0 = Release|Win32
		{978D4B08-6AF2-4AD5-B18E-DF5F73D23F2E}.Win 64|x64.ActiveCfg = Release|Win32
		{D8B31310-4A64-4A26-BBBC-50BD291AFD7A}.Debug|Win32.ActiveCfg = Debug|Win32
		{D8B31310-4A64-4A26-BBBC-50BD291AFD7A}.Debug|Win32.Build.0 = Debug|Win32
		{D8B31310-4A64-4A26-BBBC-50BD291AFD7A}.Debug|x64.ActiveCfg = Debug|Win32
		{D8B31310-4A64-4A26-BBBC-50BD291AFD7A}.Release|Win32.ActiveCfg = Release|Win32
		{D8B31310-4A64-4A26-BBBC-50BD291AFD7A}.Release|Win32.Build.0 = Release|Win32
		{D8B31310-4A64-4A26-BBBC-50BD291AFD7A}.Release|x64.ActiveCfg = Release|Win32
		{D8B31310-4A64-4A26-BBBC-50BD291AFD7A}.Win 64|Win32.ActiveCfg = Release|Win32
		{D8B31310-4A64-4A26-BBBC-50BD291AFD7A}.Win 64|Win32.Build.0 = Release|Win32
		{D8B31310-4A64-4A26-BBBC-50BD291AFD7A}.Win 64|x64.ActiveCfg = Release|Win32
		{65461DE6-9EF0-4261-A32A-BCB376313F50}.Debug|Win32.ActiveCfg = Debug|Win32
		{65461DE6-9EF0-4261-A32A-BCB376313F50}.Debug|Win32.Build.0 = Debug|Win32
		{65461DE6-9EF0-4261-A32A-BCB376313F50}.Debug|x64.ActiveCfg = Debug|Win32
		{65461DE6-9EF0-4261-A32A-BCB376313F50}.Release|Win32.ActiveCfg = Release|Win32
		{65461DE6-9EF0-4261-A32A-BCB376313F50}.Release|Win32.Build.0 = Release|Win32
		{65461DE6-9EF0-4261-A32A-BCB376313F50}.Release|x64.ActiveCfg = Release|Win32
		{65461DE6-9EF0-4261-A32A-BCB376313F50}.Win 64|Win32.ActiveCfg = Release|Win32
		{65461DE6-9EF0-4261-A32A-BCB376313F50}.Win 64|Win32.Build.0 = Release|Win32
		{65461DE6-9EF0-4261-A32A-BCB376313F50}.Win 64|x64.ActiveCfg = Release|Win32
		{F4DDC1FD-A378-4B50-8C67-00EE481C9FD7}.Debug|Win32.ActiveCfg = Debug|Win32
		{F4DDC1FD-A378-4B50-8C67-00EE481C9FD7}.Debug|Win32.Build.0 = Debug|Win32
		{F4DDC1FD-A378-4B50-8C67-00EE481C9FD7}.Debug|x64.ActiveCfg = Debug|Win32
		{F4DDC1FD-A378-4B50-8C67-00EE481C9FD7}.Release|Win32.ActiveCfg = Release|Win32
		{F4DDC1FD-A378-4B50-8C67-00EE481C9FD7}.Release|Win32.Build.0 = Release|Win32
		{F4DDC1FD-A378-4B50-8C67-00EE481C9FD7}.Release|x64.ActiveCfg = Release|Win32
		{F4DDC1FD-A378-4B50-8C67-00EE481C9FD7}.Win 64|Win32.ActiveCfg = Release|Win32
		{F4DDC1FD-A378-4B50-8C67-00EE481C9FD7}.Win 64|Win32.Build.0 = Release|Win32
		{F4DDC1FD-A378-4B50-8C67-00EE481C9FD7}.Win 64|x64.ActiveCfg = Release|Win32
		{6C072A92-95BC-4682-97A2-0E1B6FE04400}.Debug|Win32.ActiveCfg = Debug|Win32
		{6C072A92-95BC-4682-97A2-0E1B6FE04400}.Debug|Win32.Build.0 = Debug|Win32
		{6C072A92-95BC-4682-97A2-0E1B6FE04400}.Debug|x64.ActiveCfg = Debug|Win32
		{6C072A92-95BC-4682-97A2-0E1B6FE04400}.Release|Win32.ActiveCfg = Release|Win32
		{6C072A92-95BC-4682-97A2-0E1B6FE04400}.Release|Win32.Build.0 = Release|Win32
		{6C072A92-95BC-4682-97A2-0E1B6FE04400}.Release|x64.ActiveCfg = Release|Win32
		{6C072A92-95BC-4682-97A2-0E1B6FE04400}.Win 64|Win32.ActiveCfg = Release|Win32
		{6C072A92-95BC-4682-97A2-0E1B6FE04400}.Win 64|Win32.Build.0 = Release|Win32
		{6C072A92-95BC-4682-97A2-0E1B6FE04400}.Win 64|x64.ActiveCfg = Release|Win32
		{88354BC9-7808-40EC-8387-D0DD15CE09E3}.Debug|Win32.ActiveCfg = Debug|Win32
		{88354BC9-7808-40EC-8387-D0DD15CE09E3}.Debug|Win32.Build.0 = Debug|Win32
		{88354BC9-7808-40EC-8387-D0DD15CE09E3}.Debug|x64.ActiveCfg = Debug|Win32
		{88354BC9-7808-40EC-8387-D0DD15CE09E3}.Release|Win32.ActiveCfg = Release|Win32
		{88354BC9-7808-40EC-8387-D0DD15CE09E3}.Release|Win32.Build.0 = Release|Win32
		{88354BC9-7808-40EC-8387-D0DD15CE09E3}.Release|x64.ActiveCfg = Release|Win32
		{88354BC9-7808-40EC-8387-D0DD15CE09E3}.Win 64|Win32.ActiveCfg = Release|Win32
		{88354BC9-7808-40EC-8387-D0DD15CE09E3}.Win 64|Win32.Build.0 = Release|Win32
		{88354BC9-7808-40EC-8387-D0DD15CE09E3}.Win 64|x64.ActiveCfg = Release|Win32
		{283E05D7-5FFB-4896-BDE9-26F88E9EC7C4}.Debug|Win32.ActiveCfg = Debug|Win32
		{283E05D7-5FFB-4896-BDE9-26F88E9EC7C4}.Debug|Win32.Build.0 = Debug|Win32
		{283E05D7-5FFB-4896-BDE9-26F88E9EC7C4}.Debug|x64.ActiveCfg = Debug|Win32
		{283E05D7-5FFB-4896-BDE9-26F88E9EC7C4}.Release|Win32.ActiveCfg = Release|Win32
		{283E05D7-5FFB-4896-BDE9-26F88E9EC7C4}.Release|Win32.Build.0 = Release|Win32
		{283E05D7-5FFB-4896-BDE9-26F88E9EC7C4}.Release|x64.ActiveCfg = Release|Win32
		{283E05D7-5FFB-4896-BDE9-26F88E9EC7C4}.Win 64|Win32.ActiveCfg = Release|Win32
		{283E05D7-5FFB-4896-BDE9-26F88E9EC7C4}.Win 64|Win32.Build.0 = Release|Win32
		{283E05D7-5FFB-4896-BDE9-26F88E9EC7C4}.Win 64|x64.ActiveCfg = Release|Win32
		{435BC87E-0038-44CA-8EB2-DA8349CBDB1A}.Debug|Win32.ActiveCfg = Debug|Win32
		{435BC87E-0038-44CA-8EB2-DA8349CBDB1A}.Debug|Win32.Build.0 = Debug|Win32
		{435BC87E-0038-44CA-8EB2-DA8349CBDB1A}.Debug|x64.ActiveCfg = Debug|Win32
		{435BC87E-0038-44CA-8EB2-DA8349CBDB1A}.Release|Win32.ActiveCfg = Release|Win32
		{435BC87E-0038-44CA-8EB2-DA8349CBDB1A}.Release|Win32.Build.0 = Release|Win32
		{435BC87E-0038-44CA-8EB2-DA8349CBDB1A}.Release|x64.ActiveCfg = Release|Win32
		{435BC87E-0038-44CA-8EB2-DA8349CBDB1A}.Win 64|Win32.ActiveCfg = Release|Win32
		{435BC87E-0038-44CA-8EB2-DA8349CBDB1A}.Win 64|Win32.Build.0 = Release|Win32
		{435BC87E-0038-44CA-8EB2-DA8349CBDB1A}.Win 64|x64.ActiveCfg = Release|Win32
		{DC8AC03F-899B-4F82-BDEF-FD8AE8AF232F}.Debug|Win32.ActiveCfg = Debug|Win32
		{DC8AC03F-899B-4F82-BDEF-FD8AE8AF232F}.Debug|Win32.Build.0 = Debug|Win32
		{DC8AC03F-899B-4F82-BDEF-FD8AE8AF232F}.Debug|x64.ActiveCfg = Debug|Win32
		{DC8AC03F-899B-4F82-BDEF-FD8AE8AF232F}.Release|Win32.ActiveCfg = Release|Win32
		{DC8AC03F-899B-4F82-BDEF-FD8AE8AF232F}.Release|Win32.Build.0 = Release|Win32
		{DC8AC03F-899B-4F82-BDEF-FD8AE8AF232F}.Release|x64.ActiveCfg = Release|Win32
		{DC8AC03F-899B-4F82-BDEF-FD8AE8AF232F}.Win 64|Win32.ActiveCfg = Release|Win32
		{DC8AC03F-899B-4F82-BDEF-FD8AE8AF232F}.Win 64|Win32.Build.0 = Release|Win32
		{DC8AC03F-899B-4F82-BDEF-FD8AE8AF232F}.Win 64|x64.ActiveCfg = Release|Win32
	EndGlobalSection
	GlobalSection(SolutionProperties) = preSolution
		HideSolutionNode = FALSE
	EndGlobalSection
EndGlobal
